
Microsoft Visual Studio Solution File, Format Version 11.00
# Visual C# Express 2010
Project("{FAE04EC0-301F-11D3-BF4B-00C04F79EFBC}") = "Aula2_Exercicio1", "Aula2_Exercicio1\Aula2_Exercicio1.csproj", "{7E324221-FD88-464A-816C-B0CC0B4A31EF}"
EndProject
Global
	GlobalSection(SolutionConfigurationPlatforms) = preSolution
		Debug|x86 = Debug|x86
		Release|x86 = Release|x86
	EndGlobalSection
	GlobalSection(ProjectConfigurationPlatforms) = postSolution
		{7E324221-FD88-464A-816C-B0CC0B4A31EF}.Debug|x86.ActiveCfg = Debug|x86
		{7E324221-FD88-464A-816C-B0CC0B4A31EF}.Debug|x86.Build.0 = Debug|x86
		{7E324221-FD88-464A-816C-B0CC0B4A31EF}.Release|x86.ActiveCfg = Release|x86
		{7E324221-FD88-464A-816C-B0CC0B4A31EF}.Release|x86.Build.0 = Release|x86
	EndGlobalSection
	GlobalSection(SolutionProperties) = preSolution
		HideSolutionNode = FALSE
	EndGlobalSection
EndGlobal
