
Microsoft Visual Studio Solution File, Format Version 11.00
# Visual C# Express 2010
Project("{FAE04EC0-301F-11D3-BF4B-00C04F79EFBC}") = "View", "View\View.csproj", "{A8585B2A-C257-48B3-AEDB-5BD30FD5A1BB}"
EndProject
Project("{FAE04EC0-301F-11D3-BF4B-00C04F79EFBC}") = "Model", "Model\Model.csproj", "{90C32B09-73FE-4532-8131-E90265362756}"
EndProject
Project("{FAE04EC0-301F-11D3-BF4B-00C04F79EFBC}") = "Controller", "Controller\Controller.csproj", "{4EDABB68-369D-4A93-9C9F-405190BA47B6}"
EndProject
Global
	GlobalSection(SolutionConfigurationPlatforms) = preSolution
		Debug|Any CPU = Debug|Any CPU
		Debug|Mixed Platforms = Debug|Mixed Platforms
		Debug|x86 = Debug|x86
		Release|Any CPU = Release|Any CPU
		Release|Mixed Platforms = Release|Mixed Platforms
		Release|x86 = Release|x86
	EndGlobalSection
	GlobalSection(ProjectConfigurationPlatforms) = postSolution
		{A8585B2A-C257-48B3-AEDB-5BD30FD5A1BB}.Debug|Any CPU.ActiveCfg = Debug|x86
		{A8585B2A-C257-48B3-AEDB-5BD30FD5A1BB}.Debug|Mixed Platforms.ActiveCfg = Debug|x86
		{A8585B2A-C257-48B3-AEDB-5BD30FD5A1BB}.Debug|Mixed Platforms.Build.0 = Debug|x86
		{A8585B2A-C257-48B3-AEDB-5BD30FD5A1BB}.Debug|x86.ActiveCfg = Debug|x86
		{A8585B2A-C257-48B3-AEDB-5BD30FD5A1BB}.Debug|x86.Build.0 = Debug|x86
		{A8585B2A-C257-48B3-AEDB-5BD30FD5A1BB}.Release|Any CPU.ActiveCfg = Release|x86
		{A8585B2A-C257-48B3-AEDB-5BD30FD5A1BB}.Release|Mixed Platforms.ActiveCfg = Release|x86
		{A8585B2A-C257-48B3-AEDB-5BD30FD5A1BB}.Release|Mixed Platforms.Build.0 = Release|x86
		{A8585B2A-C257-48B3-AEDB-5BD30FD5A1BB}.Release|x86.ActiveCfg = Release|x86
		{A8585B2A-C257-48B3-AEDB-5BD30FD5A1BB}.Release|x86.Build.0 = Release|x86
		{90C32B09-73FE-4532-8131-E90265362756}.Debug|Any CPU.ActiveCfg = Debug|Any CPU
		{90C32B09-73FE-4532-8131-E90265362756}.Debug|Any CPU.Build.0 = Debug|Any CPU
		{90C32B09-73FE-4532-8131-E90265362756}.Debug|Mixed Platforms.ActiveCfg = Debug|Any CPU
		{90C32B09-73FE-4532-8131-E90265362756}.Debug|Mixed Platforms.Build.0 = Debug|Any CPU
		{90C32B09-73FE-4532-8131-E90265362756}.Debug|x86.ActiveCfg = Debug|Any CPU
		{90C32B09-73FE-4532-8131-E90265362756}.Release|Any CPU.ActiveCfg = Release|Any CPU
		{90C32B09-73FE-4532-8131-E90265362756}.Release|Any CPU.Build.0 = Release|Any CPU
		{90C32B09-73FE-4532-8131-E90265362756}.Release|Mixed Platforms.ActiveCfg = Release|Any CPU
		{90C32B09-73FE-4532-8131-E90265362756}.Release|Mixed Platforms.Build.0 = Release|Any CPU
		{90C32B09-73FE-4532-8131-E90265362756}.Release|x86.ActiveCfg = Release|Any CPU
		{4EDABB68-369D-4A93-9C9F-405190BA47B6}.Debug|Any CPU.ActiveCfg = Debug|Any CPU
		{4EDABB68-369D-4A93-9C9F-405190BA47B6}.Debug|Any CPU.Build.0 = Debug|Any CPU
		{4EDABB68-369D-4A93-9C9F-405190BA47B6}.Debug|Mixed Platforms.ActiveCfg = Debug|Any CPU
		{4EDABB68-369D-4A93-9C9F-405190BA47B6}.Debug|Mixed Platforms.Build.0 = Debug|Any CPU
		{4EDABB68-369D-4A93-9C9F-405190BA47B6}.Debug|x86.ActiveCfg = Debug|Any CPU
		{4EDABB68-369D-4A93-9C9F-405190BA47B6}.Release|Any CPU.ActiveCfg = Release|Any CPU
		{4EDABB68-369D-4A93-9C9F-405190BA47B6}.Release|Any CPU.Build.0 = Release|Any CPU
		{4EDABB68-369D-4A93-9C9F-405190BA47B6}.Release|Mixed Platforms.ActiveCfg = Release|Any CPU
		{4EDABB68-369D-4A93-9C9F-405190BA47B6}.Release|Mixed Platforms.Build.0 = Release|Any CPU
		{4EDABB68-369D-4A93-9C9F-405190BA47B6}.Release|x86.ActiveCfg = Release|Any CPU
	EndGlobalSection
	GlobalSection(SolutionProperties) = preSolution
		HideSolutionNode = FALSE
	EndGlobalSection
EndGlobal
